
Microsoft Visual Studio Solution File, Format Version 11.00
# Visual Studio 2010
Project("{F184B08F-C81C-45F6-A57F-5ABD9991F28F}") = "Tour and Travel", "Tour and Travel\Tour and Travel.vbproj", "{E0066436-B64F-4323-850C-B6527F8524AA}"
EndProject
Global
	GlobalSection(SolutionConfigurationPlatforms) = preSolution
		Debug|x86 = Debug|x86
		Release|x86 = Release|x86
	EndGlobalSection
	GlobalSection(ProjectConfigurationPlatforms) = postSolution
		{E0066436-B64F-4323-850C-B6527F8524AA}.Debug|x86.ActiveCfg = Debug|x86
		{E0066436-B64F-4323-850C-B6527F8524AA}.Debug|x86.Build.0 = Debug|x86
		{E0066436-B64F-4323-850C-B6527F8524AA}.Release|x86.ActiveCfg = Release|x86
		{E0066436-B64F-4323-850C-B6527F8524AA}.Release|x86.Build.0 = Release|x86
	EndGlobalSection
	GlobalSection(SolutionProperties) = preSolution
		HideSolutionNode = FALSE
	EndGlobalSection
EndGlobal
